
Microsoft Visual Studio Solution File, Format Version 12.00
# Visual Studio Version 17
VisualStudioVersion = 17.11.35327.3
MinimumVisualStudioVersion = 10.0.40219.1
Project("{FAE04EC0-301F-11D3-BF4B-00C04F79EFBC}") = "ConsoleApp1", "ConsoleApp1\ConsoleApp1.csproj", "{26B12BFF-1F02-44DD-838F-3AD7B23C9B27}"
EndProject
Global
	GlobalSection(SolutionConfigurationPlatforms) = preSolution
		Debug|Any CPU = Debug|Any CPU
		Release|Any CPU = Release|Any CPU
	EndGlobalSection
	GlobalSection(ProjectConfigurationPlatforms) = postSolution
		{26B12BFF-1F02-44DD-838F-3AD7B23C9B27}.Debug|Any CPU.ActiveCfg = Debug|Any CPU
		{26B12BFF-1F02-44DD-838F-3AD7B23C9B27}.Debug|Any CPU.Build.0 = Debug|Any CPU
		{26B12BFF-1F02-44DD-838F-3AD7B23C9B27}.Release|Any CPU.ActiveCfg = Release|Any CPU
		{26B12BFF-1F02-44DD-838F-3AD7B23C9B27}.Release|Any CPU.Build.0 = Release|Any CPU
	EndGlobalSection
	GlobalSection(SolutionProperties) = preSolution
		HideSolutionNode = FALSE
	EndGlobalSection
	GlobalSection(ExtensibilityGlobals) = postSolution
		SolutionGuid = {DA99F280-4134-4D09-925A-2F21D9517398}
	EndGlobalSection
EndGlobal
